// !$*UTF8*$!
{
	archiveVersion = 1;
	classes = {
	};
	objectVersion = 50;
	objects = {

/* Begin PBXBuildFile section */
		99B18280266B02340007DCF3 /* AppDelegate.m in Sources */ = {isa = PBXBuildFile; fileRef = 99B1827F266B02340007DCF3 /* AppDelegate.m */; };
		99B18283266B02340007DCF3 /* SceneDelegate.m in Sources */ = {isa = PBXBuildFile; fileRef = 99B18282266B02340007DCF3 /* SceneDelegate.m */; };
		99B18286266B02340007DCF3 /* ViewController.m in Sources */ = {isa = PBXBuildFile; fileRef = 99B18285266B02340007DCF3 /* ViewController.m */; };
		99B18289266B02340007DCF3 /* Main.storyboard in Resources */ = {isa = PBXBuildFile; fileRef = 99B18287266B02340007DCF3 /* Main.storyboard */; };
		99B1828B266B02350007DCF3 /* Assets.xcassets in Resources */ = {isa = PBXBuildFile; fileRef = 99B1828A266B02350007DCF3 /* Assets.xcassets */; };
		99B1828E266B02350007DCF3 /* LaunchScreen.storyboard in Resources */ = {isa = PBXBuildFile; fileRef = 99B1828C266B02350007DCF3 /* LaunchScreen.storyboard */; };
		99B18291266B02350007DCF3 /* main.m in Sources */ = {isa = PBXBuildFile; fileRef = 99B18290266B02350007DCF3 /* main.m */; };
		99B1829B266B02350007DCF3 /* DemoTests.m in Sources */ = {isa = PBXBuildFile; fileRef = 99B1829A266B02350007DCF3 /* DemoTests.m */; };
		99B182A6266B02350007DCF3 /* DemoUITests.m in Sources */ = {isa = PBXBuildFile; fileRef = 99B182A5266B02350007DCF3 /* DemoUITests.m */; };
		99B182B9266B05A40007DCF3 /* TextDemo.m in Sources */ = {isa = PBXBuildFile; fileRef = 99B182B8266B05A40007DCF3 /* TextDemo.m */; };
/* End PBXBuildFile section */

/* Begin PBXContainerItemProxy section */
		99B18297266B02350007DCF3 /* PBXContainerItemProxy */ = {
			isa = PBXContainerItemProxy;
			containerPortal = 99B18273266B02340007DCF3 /* Project object */;
			proxyType = 1;
			remoteGlobalIDString = 99B1827A266B02340007DCF3;
			remoteInfo = Demo;
		};
		99B182A2266B02350007DCF3 /* PBXContainerItemProxy */ = {
			isa = PBXContainerItemProxy;
			containerPortal = 99B18273266B02340007DCF3 /* Project object */;
			proxyType = 1;
			remoteGlobalIDString = 99B1827A266B02340007DCF3;
			remoteInfo = Demo;
		};
/* End PBXContainerItemProxy section */

/* Begin PBXFileReference section */
		99B1827B266B02340007DCF3 /* Demo.app */ = {isa = PBXFileReference; explicitFileType = wrapper.application; includeInIndex = 0; path = Demo.app; sourceTree = BUILT_PRODUCTS_DIR; };
		99B1827E266B02340007DCF3 /* AppDelegate.h */ = {isa = PBXFileReference; lastKnownFileType = sourcecode.c.h; path = AppDelegate.h; sourceTree = "<group>"; };
		99B1827F266B02340007DCF3 /* AppDelegate.m */ = {isa = PBXFileReference; lastKnownFileType = sourcecode.c.objc; path = AppDelegate.m; sourceTree = "<group>"; };
		99B18281266B02340007DCF3 /* SceneDelegate.h */ = {isa = PBXFileReference; lastKnownFileType = sourcecode.c.h; path = SceneDelegate.h; sourceTree = "<group>"; };
		99B18282266B02340007DCF3 /* SceneDelegate.m */ = {isa = PBXFileReference; lastKnownFileType = sourcecode.c.objc; path = SceneDelegate.m; sourceTree = "<group>"; };
		99B18284266B02340007DCF3 /* ViewController.h */ = {isa = PBXFileReference; lastKnownFileType = sourcecode.c.h; path = ViewController.h; sourceTree = "<group>"; };
		99B18285266B02340007DCF3 /* ViewController.m */ = {isa = PBXFileReference; lastKnownFileType = sourcecode.c.objc; path = ViewController.m; sourceTree = "<group>"; };
		99B18288266B02340007DCF3 /* Base */ = {isa = PBXFileReference; lastKnownFileType = file.storyboard; name = Base; path = Base.lproj/Main.storyboard; sourceTree = "<group>"; };
		99B1828A266B02350007DCF3 /* Assets.xcassets */ = {isa = PBXFileReference; lastKnownFileType = folder.assetcatalog; path = Assets.xcassets; sourceTree = "<group>"; };
		99B1828D266B02350007DCF3 /* Base */ = {isa = PBXFileReference; lastKnownFileType = file.storyboard; name = Base; path = Base.lproj/LaunchScreen.storyboard; sourceTree = "<group>"; };
		99B1828F266B02350007DCF3 /* Info.plist */ = {isa = PBXFileReference; lastKnownFileType = text.plist.xml; path = Info.plist; sourceTree = "<group>"; };
		99B18290266B02350007DCF3 /* main.m */ = {isa = PBXFileReference; lastKnownFileType = sourcecode.c.objc; path = main.m; sourceTree = "<group>"; };
		99B18296266B02350007DCF3 /* DemoTests.xctest */ = {isa = PBXFileReference; explicitFileType = wrapper.cfbundle; includeInIndex = 0; path = DemoTests.xctest; sourceTree = BUILT_PRODUCTS_DIR; };
		99B1829A266B02350007DCF3 /* DemoTests.m */ = {isa = PBXFileReference; lastKnownFileType = sourcecode.c.objc; path = DemoTests.m; sourceTree = "<group>"; };
		99B1829C266B02350007DCF3 /* Info.plist */ = {isa = PBXFileReference; lastKnownFileType = text.plist.xml; path = Info.plist; sourceTree = "<group>"; };
		99B182A1266B02350007DCF3 /* DemoUITests.xctest */ = {isa = PBXFileReference; explicitFileType = wrapper.cfbundle; includeInIndex = 0; path = DemoUITests.xctest; sourceTree = BUILT_PRODUCTS_DIR; };
		99B182A5266B02350007DCF3 /* DemoUITests.m */ = {isa = PBXFileReference; lastKnownFileType = sourcecode.c.objc; path = DemoUITests.m; sourceTree = "<group>"; };
		99B182A7266B02350007DCF3 /* Info.plist */ = {isa = PBXFileReference; lastKnownFileType = text.plist.xml; path = Info.plist; sourceTree = "<group>"; };
		99B182B7266B05A40007DCF3 /* TextDemo.h */ = {isa = PBXFileReference; lastKnownFileType = sourcecode.c.h; path = TextDemo.h; sourceTree = "<group>"; };
		99B182B8266B05A40007DCF3 /* TextDemo.m */ = {isa = PBXFileReference; lastKnownFileType = sourcecode.c.objc; path = TextDemo.m; sourceTree = "<group>"; };
/* End PBXFileReference section */

/* Begin PBXFrameworksBuildPhase section */
		99B18278266B02340007DCF3 /* Frameworks */ = {
			isa = PBXFrameworksBuildPhase;
			buildActionMask = 2147483647;
			files = (
			);
			runOnlyForDeploymentPostprocessing = 0;
		};
		99B18293266B02350007DCF3 /* Frameworks */ = {
			isa = PBXFrameworksBuildPhase;
			buildActionMask = 2147483647;
			files = (
			);
			runOnlyForDeploymentPostprocessing = 0;
		};
		99B1829E266B02350007DCF3 /* Frameworks */ = {
			isa = PBXFrameworksBuildPhase;
			buildActionMask = 2147483647;
			files = (
			);
			runOnlyForDeploymentPostprocessing = 0;
		};
/* End PBXFrameworksBuildPhase section */

/* Begin PBXGroup section */
		99B18272266B02340007DCF3 = {
			isa = PBXGroup;
			children = (
				99B1827D266B02340007DCF3 /* Demo */,
				99B18299266B02350007DCF3 /* DemoTests */,
				99B182A4266B02350007DCF3 /* DemoUITests */,
				99B1827C266B02340007DCF3 /* Products */,
			);
			sourceTree = "<group>";
		};
		99B1827C266B02340007DCF3 /* Products */ = {
			isa = PBXGroup;
			children = (
				99B1827B266B02340007DCF3 /* Demo.app */,
				99B18296266B02350007DCF3 /* DemoTests.xctest */,
				99B182A1266B02350007DCF3 /* DemoUITests.xctest */,
			);
			name = Products;
			sourceTree = "<group>";
		};
		99B1827D266B02340007DCF3 /* Demo */ = {
			isa = PBXGroup;
			children = (
				99B182B6266B05710007DCF3 /* Classes */,
				99B1827E266B02340007DCF3 /* AppDelegate.h */,
				99B1827F266B02340007DCF3 /* AppDelegate.m */,
				99B18281266B02340007DCF3 /* SceneDelegate.h */,
				99B18282266B02340007DCF3 /* SceneDelegate.m */,
				99B18284266B02340007DCF3 /* ViewController.h */,
				99B18285266B02340007DCF3 /* ViewController.m */,
				99B18287266B02340007DCF3 /* Main.storyboard */,
				99B1828A266B02350007DCF3 /* Assets.xcassets */,
				99B1828C266B02350007DCF3 /* LaunchScreen.storyboard */,
				99B1828F266B02350007DCF3 /* Info.plist */,
				99B18290266B02350007DCF3 /* main.m */,
			);
			path = Demo;
			sourceTree = "<group>";
		};
		99B18299266B02350007DCF3 /* DemoTests */ = {
			isa = PBXGroup;
			children = (
				99B1829A266B02350007DCF3 /* DemoTests.m */,
				99B1829C266B02350007DCF3 /* Info.plist */,
			);
			path = DemoTests;
			sourceTree = "<group>";
		};
		99B182A4266B02350007DCF3 /* DemoUITests */ = {
			isa = PBXGroup;
			children = (
				99B182A5266B02350007DCF3 /* DemoUITests.m */,
				99B182A7266B02350007DCF3 /* Info.plist */,
			);
			path = DemoUITests;
			sourceTree = "<group>";
		};
		99B182B6266B05710007DCF3 /* Classes */ = {
			isa = PBXGroup;
			children = (
				99B182B7266B05A40007DCF3 /* TextDemo.h */,
				99B182B8266B05A40007DCF3 /* TextDemo.m */,
			);
			path = Classes;
			sourceTree = "<group>";
		};
/* End PBXGroup section */

/* Begin PBXNativeTarget section */
		99B1827A266B02340007DCF3 /* Demo */ = {
			isa = PBXNativeTarget;
			buildConfigurationList = 99B182AA266B02350007DCF3 /* Build configuration list for PBXNativeTarget "Demo" */;
			buildPhases = (
				99B18277266B02340007DCF3 /* Sources */,
				99B18278266B02340007DCF3 /* Frameworks */,
				99B18279266B02340007DCF3 /* Resources */,
			);
			buildRules = (
			);
			dependencies = (
			);
			name = Demo;
			productName = Demo;
			productReference = 99B1827B266B02340007DCF3 /* Demo.app */;
			productType = "com.apple.product-type.application";
		};
		99B18295266B02350007DCF3 /* DemoTests */ = {
			isa = PBXNativeTarget;
			buildConfigurationList = 99B182AD266B02350007DCF3 /* Build configuration list for PBXNativeTarget "DemoTests" */;
			buildPhases = (
				99B18292266B02350007DCF3 /* Sources */,
				99B18293266B02350007DCF3 /* Frameworks */,
				99B18294266B02350007DCF3 /* Resources */,
			);
			buildRules = (
			);
			dependencies = (
				99B18298266B02350007DCF3 /* PBXTargetDependency */,
			);
			name = DemoTests;
			productName = DemoTests;
			productReference = 99B18296266B02350007DCF3 /* DemoTests.xctest */;
			productType = "com.apple.product-type.bundle.unit-test";
		};
		99B182A0266B02350007DCF3 /* DemoUITests */ = {
			isa = PBXNativeTarget;
			buildConfigurationList = 99B182B0266B02350007DCF3 /* Build configuration list for PBXNativeTarget "DemoUITests" */;
			buildPhases = (
				99B1829D266B02350007DCF3 /* Sources */,
				99B1829E266B02350007DCF3 /* Frameworks */,
				99B1829F266B02350007DCF3 /* Resources */,
			);
			buildRules = (
			);
			dependencies = (
				99B182A3266B02350007DCF3 /* PBXTargetDependency */,
			);
			name = DemoUITests;
			productName = DemoUITests;
			productReference = 99B182A1266B02350007DCF3 /* DemoUITests.xctest */;
			productType = "com.apple.product-type.bundle.ui-testing";
		};
/* End PBXNativeTarget section */

/* Begin PBXProject section */
		99B18273266B02340007DCF3 /* Project object */ = {
			isa = PBXProject;
			attributes = {
				LastUpgradeCheck = 1230;
				TargetAttributes = {
					99B1827A266B02340007DCF3 = {
						CreatedOnToolsVersion = 12.3;
					};
					99B18295266B02350007DCF3 = {
						CreatedOnToolsVersion = 12.3;
						TestTargetID = 99B1827A266B02340007DCF3;
					};
					99B182A0266B02350007DCF3 = {
						CreatedOnToolsVersion = 12.3;
						TestTargetID = 99B1827A266B02340007DCF3;
					};
				};
			};
			buildConfigurationList = 99B18276266B02340007DCF3 /* Build configuration list for PBXProject "Demo" */;
			compatibilityVersion = "Xcode 9.3";
			developmentRegion = en;
			hasScannedForEncodings = 0;
			knownRegions = (
				en,
				Base,
			);
			mainGroup = 99B18272266B02340007DCF3;
			productRefGroup = 99B1827C266B02340007DCF3 /* Products */;
			projectDirPath = "";
			projectRoot = "";
			targets = (
				99B1827A266B02340007DCF3 /* Demo */,
				99B18295266B02350007DCF3 /* DemoTests */,
				99B182A0266B02350007DCF3 /* DemoUITests */,
			);
		};
/* End PBXProject section */

/* Begin PBXResourcesBuildPhase section */
		99B18279266B02340007DCF3 /* Resources */ = {
			isa = PBXResourcesBuildPhase;
			buildActionMask = 2147483647;
			files = (
				99B1828E266B02350007DCF3 /* LaunchScreen.storyboard in Resources */,
				99B1828B266B02350007DCF3 /* Assets.xcassets in Resources */,
				99B18289266B02340007DCF3 /* Main.storyboard in Resources */,
			);
			runOnlyForDeploymentPostprocessing = 0;
		};
		99B18294266B02350007DCF3 /* Resources */ = {
			isa = PBXResourcesBuildPhase;
			buildActionMask = 2147483647;
			files = (
			);
			runOnlyForDeploymentPostprocessing = 0;
		};
		99B1829F266B02350007DCF3 /* Resources */ = {
			isa = PBXResourcesBuildPhase;
			buildActionMask = 2147483647;
			files = (
			);
			runOnlyForDeploymentPostprocessing = 0;
		};
/* End PBXResourcesBuildPhase section */

/* Begin PBXSourcesBuildPhase section */
		99B18277266B02340007DCF3 /* Sources */ = {
			isa = PBXSourcesBuildPhase;
			buildActionMask = 2147483647;
			files = (
				99B18286266B02340007DCF3 /* ViewController.m in Sources */,
				99B182B9266B05A40007DCF3 /* TextDemo.m in Sources */,
				99B18280266B02340007DCF3 /* AppDelegate.m in Sources */,
				99B18291266B02350007DCF3 /* main.m in Sources */,
				99B18283266B02340007DCF3 /* SceneDelegate.m in Sources */,
			);
			runOnlyForDeploymentPostprocessing = 0;
		};
		99B18292266B02350007DCF3 /* Sources */ = {
			isa = PBXSourcesBuildPhase;
			buildActionMask = 2147483647;
			files = (
				99B1829B266B02350007DCF3 /* DemoTests.m in Sources */,
			);
			runOnlyForDeploymentPostprocessing = 0;
		};
		99B1829D266B02350007DCF3 /* Sources */ = {
			isa = PBXSourcesBuildPhase;
			buildActionMask = 2147483647;
			files = (
				99B182A6266B02350007DCF3 /* DemoUITests.m in Sources */,
			);
			runOnlyForDeploymentPostprocessing = 0;
		};
/* End PBXSourcesBuildPhase section */

/* Begin PBXTargetDependency section */
		99B18298266B02350007DCF3 /* PBXTargetDependency */ = {
			isa = PBXTargetDependency;
			target = 99B1827A266B02340007DCF3 /* Demo */;
			targetProxy = 99B18297266B02350007DCF3 /* PBXContainerItemProxy */;
		};
		99B182A3266B02350007DCF3 /* PBXTargetDependency */ = {
			isa = PBXTargetDependency;
			target = 99B1827A266B02340007DCF3 /* Demo */;
			targetProxy = 99B182A2266B02350007DCF3 /* PBXContainerItemProxy */;
		};
/* End PBXTargetDependency section */

/* Begin PBXVariantGroup section */
		99B18287266B02340007DCF3 /* Main.storyboard */ = {
			isa = PBXVariantGroup;
			children = (
				99B18288266B02340007DCF3 /* Base */,
			);
			name = Main.storyboard;
			sourceTree = "<group>";
		};
		99B1828C266B02350007DCF3 /* LaunchScreen.storyboard */ = {
			isa = PBXVariantGroup;
			children = (
				99B1828D266B02350007DCF3 /* Base */,
			);
			name = LaunchScreen.storyboard;
			sourceTree = "<group>";
		};
/* End PBXVariantGroup section */

/* Begin XCBuildConfiguration section */
		99B182A8266B02350007DCF3 /* Debug */ = {
			isa = XCBuildConfiguration;
			buildSettings = {
				ALWAYS_SEARCH_USER_PATHS = NO;
				CLANG_ANALYZER_NONNULL = YES;
				CLANG_ANALYZER_NUMBER_OBJECT_CONVERSION = YES_AGGRESSIVE;
				CLANG_CXX_LANGUAGE_STANDARD = "gnu++14";
				CLANG_CXX_LIBRARY = "libc++";
				CLANG_ENABLE_MODULES = YES;
				CLANG_ENABLE_OBJC_ARC = YES;
				CLANG_ENABLE_OBJC_WEAK = YES;
				CLANG_WARN_BLOCK_CAPTURE_AUTORELEASING = YES;
				CLANG_WARN_BOOL_CONVERSION = YES;
				CLANG_WARN_COMMA = YES;
				CLANG_WARN_CONSTANT_CONVERSION = YES;
				CLANG_WARN_DEPRECATED_OBJC_IMPLEMENTATIONS = YES;
				CLANG_WARN_DIRECT_OBJC_ISA_USAGE = YES_ERROR;
				CLANG_WARN_DOCUMENTATION_COMMENTS = YES;
				CLANG_WARN_EMPTY_BODY = YES;
				CLANG_WARN_ENUM_CONVERSION = YES;
				CLANG_WARN_INFINITE_RECURSION = YES;
				CLANG_WARN_INT_CONVERSION = YES;
				CLANG_WARN_NON_LITERAL_NULL_CONVERSION = YES;
				CLANG_WARN_OBJC_IMPLICIT_RETAIN_SELF = YES;
				CLANG_WARN_OBJC_LITERAL_CONVERSION = YES;
				CLANG_WARN_OBJC_ROOT_CLASS = YES_ERROR;
				CLANG_WARN_QUOTED_INCLUDE_IN_FRAMEWORK_HEADER = YES;
				CLANG_WARN_RANGE_LOOP_ANALYSIS = YES;
				CLANG_WARN_STRICT_PROTOTYPES = YES;
				CLANG_WARN_SUSPICIOUS_MOVE = YES;
				CLANG_WARN_UNGUARDED_AVAILABILITY = YES_AGGRESSIVE;
				CLANG_WARN_UNREACHABLE_CODE = YES;
				CLANG_WARN__DUPLICATE_METHOD_MATCH = YES;
				COPY_PHASE_STRIP = NO;
				DEBUG_INFORMATION_FORMAT = dwarf;
				ENABLE_STRICT_OBJC_MSGSEND = YES;
				ENABLE_TESTABILITY = YES;
				GCC_C_LANGUAGE_STANDARD = gnu11;
				GCC_DYNAMIC_NO_PIC = NO;
				GCC_NO_COMMON_BLOCKS = YES;
				GCC_OPTIMIZATION_LEVEL = 0;
				GCC_PREPROCESSOR_DEFINITIONS = (
					"DEBUG=1",
					"$(inherited)",
				);
				GCC_WARN_64_TO_32_BIT_CONVERSION = YES;
				GCC_WARN_ABOUT_RETURN_TYPE = YES_ERROR;
				GCC_WARN_UNDECLARED_SELECTOR = YES;
				GCC_WARN_UNINITIALIZED_AUTOS = YES_AGGRESSIVE;
				GCC_WARN_UNUSED_FUNCTION = YES;
				GCC_WARN_UNUSED_VARIABLE = YES;
				IPHONEOS_DEPLOYMENT_TARGET = 14.3;
				MTL_ENABLE_DEBUG_INFO = INCLUDE_SOURCE;
				MTL_FAST_MATH = YES;
				ONLY_ACTIVE_ARCH = YES;
				SDKROOT = iphoneos;
			};
			name = Debug;
		};
		99B182A9266B02350007DCF3 /* Release */ = {
			isa = XCBuildConfiguration;
			buildSettings = {
				ALWAYS_SEARCH_USER_PATHS = NO;
				CLANG_ANALYZER_NONNULL = YES;
				CLANG_ANALYZER_NUMBER_OBJECT_CONVERSION = YES_AGGRESSIVE;
				CLANG_CXX_LANGUAGE_STANDARD = "gnu++14";
				CLANG_CXX_LIBRARY = "libc++";
				CLANG_ENABLE_MODULES = YES;
				CLANG_ENABLE_OBJC_ARC = YES;
				CLANG_ENABLE_OBJC_WEAK = YES;
				CLANG_WARN_BLOCK_CAPTURE_AUTORELEASING = YES;
				CLANG_WARN_BOOL_CONVERSION = YES;
				CLANG_WARN_COMMA = YES;
				CLANG_WARN_CONSTANT_CONVERSION = YES;
				CLANG_WARN_DEPRECATED_OBJC_IMPLEMENTATIONS = YES;
				CLANG_WARN_DIRECT_OBJC_ISA_USAGE = YES_ERROR;
				CLANG_WARN_DOCUMENTATION_COMMENTS = YES;
				CLANG_WARN_EMPTY_BODY = YES;
				CLANG_WARN_ENUM_CONVERSION = YES;
				CLANG_WARN_INFINITE_RECURSION = YES;
				CLANG_WARN_INT_CONVERSION = YES;
				CLANG_WARN_NON_LITERAL_NULL_CONVERSION = YES;
				CLANG_WARN_OBJC_IMPLICIT_RETAIN_SELF = YES;
				CLANG_WARN_OBJC_LITERAL_CONVERSION = YES;
				CLANG_WARN_OBJC_ROOT_CLASS = YES_ERROR;
				CLANG_WARN_QUOTED_INCLUDE_IN_FRAMEWORK_HEADER = YES;
				CLANG_WARN_RANGE_LOOP_ANALYSIS = YES;
				CLANG_WARN_STRICT_PROTOTYPES = YES;
				CLANG_WARN_SUSPICIOUS_MOVE = YES;
				CLANG_WARN_UNGUARDED_AVAILABILITY = YES_AGGRESSIVE;
				CLANG_WARN_UNREACHABLE_CODE = YES;
				CLANG_WARN__DUPLICATE_METHOD_MATCH = YES;
				COPY_PHASE_STRIP = NO;
				DEBUG_INFORMATION_FORMAT = "dwarf-with-dsym";
				ENABLE_NS_ASSERTIONS = NO;
				ENABLE_STRICT_OBJC_MSGSEND = YES;
				GCC_C_LANGUAGE_STANDARD = gnu11;
				GCC_NO_COMMON_BLOCKS = YES;
				GCC_WARN_64_TO_32_BIT_CONVERSION = YES;
				GCC_WARN_ABOUT_RETURN_TYPE = YES_ERROR;
				GCC_WARN_UNDECLARED_SELECTOR = YES;
				GCC_WARN_UNINITIALIZED_AUTOS = YES_AGGRESSIVE;
				GCC_WARN_UNUSED_FUNCTION = YES;
				GCC_WARN_UNUSED_VARIABLE = YES;
				IPHONEOS_DEPLOYMENT_TARGET = 14.3;
				MTL_ENABLE_DEBUG_INFO = NO;
				MTL_FAST_MATH = YES;
				SDKROOT = iphoneos;
				VALIDATE_PRODUCT = YES;
			};
			name = Release;
		};
		99B182AB266B02350007DCF3 /* Debug */ = {
			isa = XCBuildConfiguration;
			buildSettings = {
				ASSETCATALOG_COMPILER_APPICON_NAME = AppIcon;
				ASSETCATALOG_COMPILER_GLOBAL_ACCENT_COLOR_NAME = AccentColor;
				CODE_SIGN_STYLE = Automatic;
				INFOPLIST_FILE = Demo/Info.plist;
				LD_RUNPATH_SEARCH_PATHS = (
					"$(inherited)",
					"@executable_path/Frameworks",
				);
				PRODUCT_BUNDLE_IDENTIFIER = luojing.Demo;
				PRODUCT_NAME = "$(TARGET_NAME)";
				TARGETED_DEVICE_FAMILY = "1,2";
			};
			name = Debug;
		};
		99B182AC266B02350007DCF3 /* Release */ = {
			isa = XCBuildConfiguration;
			buildSettings = {
				ASSETCATALOG_COMPILER_APPICON_NAME = AppIcon;
				ASSETCATALOG_COMPILER_GLOBAL_ACCENT_COLOR_NAME = AccentColor;
				CODE_SIGN_STYLE = Automatic;
				INFOPLIST_FILE = Demo/Info.plist;
				LD_RUNPATH_SEARCH_PATHS = (
					"$(inherited)",
					"@executable_path/Frameworks",
				);
				PRODUCT_BUNDLE_IDENTIFIER = luojing.Demo;
				PRODUCT_NAME = "$(TARGET_NAME)";
				TARGETED_DEVICE_FAMILY = "1,2";
			};
			name = Release;
		};
		99B182AE266B02350007DCF3 /* Debug */ = {
			isa = XCBuildConfiguration;
			buildSettings = {
				BUNDLE_LOADER = "$(TEST_HOST)";
				CODE_SIGN_STYLE = Automatic;
				INFOPLIST_FILE = DemoTests/Info.plist;
				IPHONEOS_DEPLOYMENT_TARGET = 14.3;
				LD_RUNPATH_SEARCH_PATHS = (
					"$(inherited)",
					"@executable_path/Frameworks",
					"@loader_path/Frameworks",
				);
				PRODUCT_BUNDLE_IDENTIFIER = luojing.DemoTests;
				PRODUCT_NAME = "$(TARGET_NAME)";
				TARGETED_DEVICE_FAMILY = "1,2";
				TEST_HOST = "$(BUILT_PRODUCTS_DIR)/Demo.app/Demo";
			};
			name = Debug;
		};
		99B182AF266B02350007DCF3 /* Release */ = {
			isa = XCBuildConfiguration;
			buildSettings = {
				BUNDLE_LOADER = "$(TEST_HOST)";
				CODE_SIGN_STYLE = Automatic;
				INFOPLIST_FILE = DemoTests/Info.plist;
				IPHONEOS_DEPLOYMENT_TARGET = 14.3;
				LD_RUNPATH_SEARCH_PATHS = (
					"$(inherited)",
					"@executable_path/Frameworks",
					"@loader_path/Frameworks",
				);
				PRODUCT_BUNDLE_IDENTIFIER = luojing.DemoTests;
				PRODUCT_NAME = "$(TARGET_NAME)";
				TARGETED_DEVICE_FAMILY = "1,2";
				TEST_HOST = "$(BUILT_PRODUCTS_DIR)/Demo.app/Demo";
			};
			name = Release;
		};
		99B182B1266B02350007DCF3 /* Debug */ = {
			isa = XCBuildConfiguration;
			buildSettings = {
				CODE_SIGN_STYLE = Automatic;
				INFOPLIST_FILE = DemoUITests/Info.plist;
				LD_RUNPATH_SEARCH_PATHS = (
					"$(inherited)",
					"@executable_path/Frameworks",
					"@loader_path/Frameworks",
				);
				PRODUCT_BUNDLE_IDENTIFIER = luojing.DemoUITests;
				PRODUCT_NAME = "$(TARGET_NAME)";
				TARGETED_DEVICE_FAMILY = "1,2";
				TEST_TARGET_NAME = Demo;
			};
			name = Debug;
		};
		99B182B2266B02350007DCF3 /* Release */ = {
			isa = XCBuildConfiguration;
			buildSettings = {
				CODE_SIGN_STYLE = Automatic;
				INFOPLIST_FILE = DemoUITests/Info.plist;
				LD_RUNPATH_SEARCH_PATHS = (
					"$(inherited)",
					"@executable_path/Frameworks",
					"@loader_path/Frameworks",
				);
				PRODUCT_BUNDLE_IDENTIFIER = luojing.DemoUITests;
				PRODUCT_NAME = "$(TARGET_NAME)";
				TARGETED_DEVICE_FAMILY = "1,2";
				TEST_TARGET_NAME = Demo;
			};
			name = Release;
		};
/* End XCBuildConfiguration section */

/* Begin XCConfigurationList section */
		99B18276266B02340007DCF3 /* Build configuration list for PBXProject "Demo" */ = {
			isa = XCConfigurationList;
			buildConfigurations = (
				99B182A8266B02350007DCF3 /* Debug */,
				99B182A9266B02350007DCF3 /* Release */,
			);
			defaultConfigurationIsVisible = 0;
			defaultConfigurationName = Release;
		};
		99B182AA266B02350007DCF3 /* Build configuration list for PBXNativeTarget "Demo" */ = {
			isa = XCConfigurationList;
			buildConfigurations = (
				99B182AB266B02350007DCF3 /* Debug */,
				99B182AC266B02350007DCF3 /* Release */,
			);
			defaultConfigurationIsVisible = 0;
			defaultConfigurationName = Release;
		};
		99B182AD266B02350007DCF3 /* Build configuration list for PBXNativeTarget "DemoTests" */ = {
			isa = XCConfigurationList;
			buildConfigurations = (
				99B182AE266B02350007DCF3 /* Debug */,
				99B182AF266B02350007DCF3 /* Release */,
			);
			defaultConfigurationIsVisible = 0;
			defaultConfigurationName = Release;
		};
		99B182B0266B02350007DCF3 /* Build configuration list for PBXNativeTarget "DemoUITests" */ = {
			isa = XCConfigurationList;
			buildConfigurations = (
				99B182B1266B02350007DCF3 /* Debug */,
				99B182B2266B02350007DCF3 /* Release */,
			);
			defaultConfigurationIsVisible = 0;
			defaultConfigurationName = Release;
		};
/* End XCConfigurationList section */
	};
	rootObject = 99B18273266B02340007DCF3 /* Project object */;
}
